// !$*UTF8*$!
{
	archiveVersion = 1;
	classes = {
	};
	objectVersion = 56;
	objects = {

/* Begin PBXBuildFile section */
		C2EE75712A504B0F00FAD6D0 /* AppDelegate.swift in Sources */ = {isa = PBXBuildFile; fileRef = C2EE75702A504B0F00FAD6D0 /* AppDelegate.swift */; };
		C2EE75732A504B0F00FAD6D0 /* SceneDelegate.swift in Sources */ = {isa = PBXBuildFile; fileRef = C2EE75722A504B0F00FAD6D0 /* SceneDelegate.swift */; };
		C2EE75752A504B0F00FAD6D0 /* ViewController.swift in Sources */ = {isa = PBXBuildFile; fileRef = C2EE75742A504B0F00FAD6D0 /* ViewController.swift */; };
		C2EE75782A504B0F00FAD6D0 /* Main.storyboard in Resources */ = {isa = PBXBuildFile; fileRef = C2EE75762A504B0F00FAD6D0 /* Main.storyboard */; };
		C2EE757A2A504B1100FAD6D0 /* Assets.xcassets in Resources */ = {isa = PBXBuildFile; fileRef = C2EE75792A504B1100FAD6D0 /* Assets.xcassets */; };
		C2EE757D2A504B1100FAD6D0 /* LaunchScreen.storyboard in Resources */ = {isa = PBXBuildFile; fileRef = C2EE757B2A504B1100FAD6D0 /* LaunchScreen.storyboard */; };
		C2EE758B2A504BE500FAD6D0 /* MainTabController.swift in Sources */ = {isa = PBXBuildFile; fileRef = C2EE758A2A504BE500FAD6D0 /* MainTabController.swift */; };
		C2EE758D2A5051DC00FAD6D0 /* FeedController.swift in Sources */ = {isa = PBXBuildFile; fileRef = C2EE758C2A5051DC00FAD6D0 /* FeedController.swift */; };
		C2EE758F2A5051EC00FAD6D0 /* SearchController.swift in Sources */ = {isa = PBXBuildFile; fileRef = C2EE758E2A5051EC00FAD6D0 /* SearchController.swift */; };
		C2EE75912A5051F700FAD6D0 /* ImageSelectorController.swift in Sources */ = {isa = PBXBuildFile; fileRef = C2EE75902A5051F700FAD6D0 /* ImageSelectorController.swift */; };
		C2EE75932A50520100FAD6D0 /* NotificationController.swift in Sources */ = {isa = PBXBuildFile; fileRef = C2EE75922A50520100FAD6D0 /* NotificationController.swift */; };
		C2EE75952A50521100FAD6D0 /* ProfileController.swift in Sources */ = {isa = PBXBuildFile; fileRef = C2EE75942A50521100FAD6D0 /* ProfileController.swift */; };
		C2EE75992A50798800FAD6D0 /* FeedCell.swift in Sources */ = {isa = PBXBuildFile; fileRef = C2EE75982A50798800FAD6D0 /* FeedCell.swift */; };
		C2EE759B2A507A7F00FAD6D0 /* Extensions.swift in Sources */ = {isa = PBXBuildFile; fileRef = C2EE759A2A507A7F00FAD6D0 /* Extensions.swift */; };
/* End PBXBuildFile section */

/* Begin PBXFileReference section */
		C2EE756D2A504B0F00FAD6D0 /* InstagramFirestone.app */ = {isa = PBXFileReference; explicitFileType = wrapper.application; includeInIndex = 0; path = InstagramFirestone.app; sourceTree = BUILT_PRODUCTS_DIR; };
		C2EE75702A504B0F00FAD6D0 /* AppDelegate.swift */ = {isa = PBXFileReference; lastKnownFileType = sourcecode.swift; path = AppDelegate.swift; sourceTree = "<group>"; };
		C2EE75722A504B0F00FAD6D0 /* SceneDelegate.swift */ = {isa = PBXFileReference; lastKnownFileType = sourcecode.swift; path = SceneDelegate.swift; sourceTree = "<group>"; };
		C2EE75742A504B0F00FAD6D0 /* ViewController.swift */ = {isa = PBXFileReference; lastKnownFileType = sourcecode.swift; path = ViewController.swift; sourceTree = "<group>"; };
		C2EE75772A504B0F00FAD6D0 /* Base */ = {isa = PBXFileReference; lastKnownFileType = file.storyboard; name = Base; path = Base.lproj/Main.storyboard; sourceTree = "<group>"; };
		C2EE75792A504B1100FAD6D0 /* Assets.xcassets */ = {isa = PBXFileReference; lastKnownFileType = folder.assetcatalog; path = Assets.xcassets; sourceTree = "<group>"; };
		C2EE757C2A504B1100FAD6D0 /* Base */ = {isa = PBXFileReference; lastKnownFileType = file.storyboard; name = Base; path = Base.lproj/LaunchScreen.storyboard; sourceTree = "<group>"; };
		C2EE757E2A504B1100FAD6D0 /* Info.plist */ = {isa = PBXFileReference; lastKnownFileType = text.plist.xml; path = Info.plist; sourceTree = "<group>"; };
		C2EE758A2A504BE500FAD6D0 /* MainTabController.swift */ = {isa = PBXFileReference; lastKnownFileType = sourcecode.swift; path = MainTabController.swift; sourceTree = "<group>"; };
		C2EE758C2A5051DC00FAD6D0 /* FeedController.swift */ = {isa = PBXFileReference; lastKnownFileType = sourcecode.swift; path = FeedController.swift; sourceTree = "<group>"; };
		C2EE758E2A5051EC00FAD6D0 /* SearchController.swift */ = {isa = PBXFileReference; lastKnownFileType = sourcecode.swift; path = SearchController.swift; sourceTree = "<group>"; };
		C2EE75902A5051F700FAD6D0 /* ImageSelectorController.swift */ = {isa = PBXFileReference; lastKnownFileType = sourcecode.swift; path = ImageSelectorController.swift; sourceTree = "<group>"; };
		C2EE75922A50520100FAD6D0 /* NotificationController.swift */ = {isa = PBXFileReference; lastKnownFileType = sourcecode.swift; path = NotificationController.swift; sourceTree = "<group>"; };
		C2EE75942A50521100FAD6D0 /* ProfileController.swift */ = {isa = PBXFileReference; lastKnownFileType = sourcecode.swift; path = ProfileController.swift; sourceTree = "<group>"; };
		C2EE75982A50798800FAD6D0 /* FeedCell.swift */ = {isa = PBXFileReference; lastKnownFileType = sourcecode.swift; path = FeedCell.swift; sourceTree = "<group>"; };
		C2EE759A2A507A7F00FAD6D0 /* Extensions.swift */ = {isa = PBXFileReference; lastKnownFileType = sourcecode.swift; path = Extensions.swift; sourceTree = "<group>"; };
/* End PBXFileReference section */

/* Begin PBXFrameworksBuildPhase section */
		C2EE756A2A504B0F00FAD6D0 /* Frameworks */ = {
			isa = PBXFrameworksBuildPhase;
			buildActionMask = 2147483647;
			files = (
			);
			runOnlyForDeploymentPostprocessing = 0;
		};
/* End PBXFrameworksBuildPhase section */

/* Begin PBXGroup section */
		C2EE75642A504B0F00FAD6D0 = {
			isa = PBXGroup;
			children = (
				C2EE756F2A504B0F00FAD6D0 /* InstagramFirestone */,
				C2EE756E2A504B0F00FAD6D0 /* Products */,
			);
			sourceTree = "<group>";
		};
		C2EE756E2A504B0F00FAD6D0 /* Products */ = {
			isa = PBXGroup;
			children = (
				C2EE756D2A504B0F00FAD6D0 /* InstagramFirestone.app */,
			);
			name = Products;
			sourceTree = "<group>";
		};
		C2EE756F2A504B0F00FAD6D0 /* InstagramFirestone */ = {
			isa = PBXGroup;
			children = (
				C2EE75892A504B3E00FAD6D0 /* Model */,
				C2EE75882A504B3900FAD6D0 /* View */,
				C2EE75872A504B3600FAD6D0 /* ViewModel */,
				C2EE75862A504B3400FAD6D0 /* Controller */,
				C2EE75852A504B3200FAD6D0 /* API */,
				C2EE75842A504B3000FAD6D0 /* Utils */,
				C2EE75702A504B0F00FAD6D0 /* AppDelegate.swift */,
				C2EE75722A504B0F00FAD6D0 /* SceneDelegate.swift */,
				C2EE75742A504B0F00FAD6D0 /* ViewController.swift */,
				C2EE75762A504B0F00FAD6D0 /* Main.storyboard */,
				C2EE75792A504B1100FAD6D0 /* Assets.xcassets */,
				C2EE757B2A504B1100FAD6D0 /* LaunchScreen.storyboard */,
				C2EE757E2A504B1100FAD6D0 /* Info.plist */,
			);
			path = InstagramFirestone;
			sourceTree = "<group>";
		};
		C2EE75842A504B3000FAD6D0 /* Utils */ = {
			isa = PBXGroup;
			children = (
				C2EE759A2A507A7F00FAD6D0 /* Extensions.swift */,
			);
			path = Utils;
			sourceTree = "<group>";
		};
		C2EE75852A504B3200FAD6D0 /* API */ = {
			isa = PBXGroup;
			children = (
			);
			path = API;
			sourceTree = "<group>";
		};
		C2EE75862A504B3400FAD6D0 /* Controller */ = {
			isa = PBXGroup;
			children = (
				C2EE758A2A504BE500FAD6D0 /* MainTabController.swift */,
				C2EE758C2A5051DC00FAD6D0 /* FeedController.swift */,
				C2EE758E2A5051EC00FAD6D0 /* SearchController.swift */,
				C2EE75902A5051F700FAD6D0 /* ImageSelectorController.swift */,
				C2EE75922A50520100FAD6D0 /* NotificationController.swift */,
				C2EE75942A50521100FAD6D0 /* ProfileController.swift */,
			);
			path = Controller;
			sourceTree = "<group>";
		};
		C2EE75872A504B3600FAD6D0 /* ViewModel */ = {
			isa = PBXGroup;
			children = (
			);
			path = ViewModel;
			sourceTree = "<group>";
		};
		C2EE75882A504B3900FAD6D0 /* View */ = {
			isa = PBXGroup;
			children = (
				C2EE75982A50798800FAD6D0 /* FeedCell.swift */,
			);
			path = View;
			sourceTree = "<group>";
		};
		C2EE75892A504B3E00FAD6D0 /* Model */ = {
			isa = PBXGroup;
			children = (
			);
			path = Model;
			sourceTree = "<group>";
		};
/* End PBXGroup section */

/* Begin PBXNativeTarget section */
		C2EE756C2A504B0F00FAD6D0 /* InstagramFirestone */ = {
			isa = PBXNativeTarget;
			buildConfigurationList = C2EE75812A504B1100FAD6D0 /* Build configuration list for PBXNativeTarget "InstagramFirestone" */;
			buildPhases = (
				C2EE75692A504B0F00FAD6D0 /* Sources */,
				C2EE756A2A504B0F00FAD6D0 /* Frameworks */,
				C2EE756B2A504B0F00FAD6D0 /* Resources */,
			);
			buildRules = (
			);
			dependencies = (
			);
			name = InstagramFirestone;
			productName = InstagramFirestone;
			productReference = C2EE756D2A504B0F00FAD6D0 /* InstagramFirestone.app */;
			productType = "com.apple.product-type.application";
		};
/* End PBXNativeTarget section */

/* Begin PBXProject section */
		C2EE75652A504B0F00FAD6D0 /* Project object */ = {
			isa = PBXProject;
			attributes = {
				BuildIndependentTargetsInParallel = 1;
				LastSwiftUpdateCheck = 1430;
				LastUpgradeCheck = 1430;
				TargetAttributes = {
					C2EE756C2A504B0F00FAD6D0 = {
						CreatedOnToolsVersion = 14.3;
					};
				};
			};
			buildConfigurationList = C2EE75682A504B0F00FAD6D0 /* Build configuration list for PBXProject "InstagramFirestone" */;
			compatibilityVersion = "Xcode 14.0";
			developmentRegion = en;
			hasScannedForEncodings = 0;
			knownRegions = (
				en,
				Base,
			);
			mainGroup = C2EE75642A504B0F00FAD6D0;
			productRefGroup = C2EE756E2A504B0F00FAD6D0 /* Products */;
			projectDirPath = "";
			projectRoot = "";
			targets = (
				C2EE756C2A504B0F00FAD6D0 /* InstagramFirestone */,
			);
		};
/* End PBXProject section */

/* Begin PBXResourcesBuildPhase section */
		C2EE756B2A504B0F00FAD6D0 /* Resources */ = {
			isa = PBXResourcesBuildPhase;
			buildActionMask = 2147483647;
			files = (
				C2EE757D2A504B1100FAD6D0 /* LaunchScreen.storyboard in Resources */,
				C2EE757A2A504B1100FAD6D0 /* Assets.xcassets in Resources */,
				C2EE75782A504B0F00FAD6D0 /* Main.storyboard in Resources */,
			);
			runOnlyForDeploymentPostprocessing = 0;
		};
/* End PBXResourcesBuildPhase section */

/* Begin PBXSourcesBuildPhase section */
		C2EE75692A504B0F00FAD6D0 /* Sources */ = {
			isa = PBXSourcesBuildPhase;
			buildActionMask = 2147483647;
			files = (
				C2EE75752A504B0F00FAD6D0 /* ViewController.swift in Sources */,
				C2EE75992A50798800FAD6D0 /* FeedCell.swift in Sources */,
				C2EE75912A5051F700FAD6D0 /* ImageSelectorController.swift in Sources */,
				C2EE75932A50520100FAD6D0 /* NotificationController.swift in Sources */,
				C2EE758F2A5051EC00FAD6D0 /* SearchController.swift in Sources */,
				C2EE75712A504B0F00FAD6D0 /* AppDelegate.swift in Sources */,
				C2EE75952A50521100FAD6D0 /* ProfileController.swift in Sources */,
				C2EE758D2A5051DC00FAD6D0 /* FeedController.swift in Sources */,
				C2EE758B2A504BE500FAD6D0 /* MainTabController.swift in Sources */,
				C2EE759B2A507A7F00FAD6D0 /* Extensions.swift in Sources */,
				C2EE75732A504B0F00FAD6D0 /* SceneDelegate.swift in Sources */,
			);
			runOnlyForDeploymentPostprocessing = 0;
		};
/* End PBXSourcesBuildPhase section */

/* Begin PBXVariantGroup section */
		C2EE75762A504B0F00FAD6D0 /* Main.storyboard */ = {
			isa = PBXVariantGroup;
			children = (
				C2EE75772A504B0F00FAD6D0 /* Base */,
			);
			name = Main.storyboard;
			sourceTree = "<group>";
		};
		C2EE757B2A504B1100FAD6D0 /* LaunchScreen.storyboard */ = {
			isa = PBXVariantGroup;
			children = (
				C2EE757C2A504B1100FAD6D0 /* Base */,
			);
			name = LaunchScreen.storyboard;
			sourceTree = "<group>";
		};
/* End PBXVariantGroup section */

/* Begin XCBuildConfiguration section */
		C2EE757F2A504B1100FAD6D0 /* Debug */ = {
			isa = XCBuildConfiguration;
			buildSettings = {
				ALWAYS_SEARCH_USER_PATHS = NO;
				CLANG_ANALYZER_NONNULL = YES;
				CLANG_ANALYZER_NUMBER_OBJECT_CONVERSION = YES_AGGRESSIVE;
				CLANG_CXX_LANGUAGE_STANDARD = "gnu++20";
				CLANG_ENABLE_MODULES = YES;
				CLANG_ENABLE_OBJC_ARC = YES;
				CLANG_ENABLE_OBJC_WEAK = YES;
				CLANG_WARN_BLOCK_CAPTURE_AUTORELEASING = YES;
				CLANG_WARN_BOOL_CONVERSION = YES;
				CLANG_WARN_COMMA = YES;
				CLANG_WARN_CONSTANT_CONVERSION = YES;
				CLANG_WARN_DEPRECATED_OBJC_IMPLEMENTATIONS = YES;
				CLANG_WARN_DIRECT_OBJC_ISA_USAGE = YES_ERROR;
				CLANG_WARN_DOCUMENTATION_COMMENTS = YES;
				CLANG_WARN_EMPTY_BODY = YES;
				CLANG_WARN_ENUM_CONVERSION = YES;
				CLANG_WARN_INFINITE_RECURSION = YES;
				CLANG_WARN_INT_CONVERSION = YES;
				CLANG_WARN_NON_LITERAL_NULL_CONVERSION = YES;
				CLANG_WARN_OBJC_IMPLICIT_RETAIN_SELF = YES;
				CLANG_WARN_OBJC_LITERAL_CONVERSION = YES;
				CLANG_WARN_OBJC_ROOT_CLASS = YES_ERROR;
				CLANG_WARN_QUOTED_INCLUDE_IN_FRAMEWORK_HEADER = YES;
				CLANG_WARN_RANGE_LOOP_ANALYSIS = YES;
				CLANG_WARN_STRICT_PROTOTYPES = YES;
				CLANG_WARN_SUSPICIOUS_MOVE = YES;
				CLANG_WARN_UNGUARDED_AVAILABILITY = YES_AGGRESSIVE;
				CLANG_WARN_UNREACHABLE_CODE = YES;
				CLANG_WARN__DUPLICATE_METHOD_MATCH = YES;
				COPY_PHASE_STRIP = NO;
				DEBUG_INFORMATION_FORMAT = dwarf;
				ENABLE_STRICT_OBJC_MSGSEND = YES;
				ENABLE_TESTABILITY = YES;
				GCC_C_LANGUAGE_STANDARD = gnu11;
				GCC_DYNAMIC_NO_PIC = NO;
				GCC_NO_COMMON_BLOCKS = YES;
				GCC_OPTIMIZATION_LEVEL = 0;
				GCC_PREPROCESSOR_DEFINITIONS = (
					"DEBUG=1",
					"$(inherited)",
				);
				GCC_WARN_64_TO_32_BIT_CONVERSION = YES;
				GCC_WARN_ABOUT_RETURN_TYPE = YES_ERROR;
				GCC_WARN_UNDECLARED_SELECTOR = YES;
				GCC_WARN_UNINITIALIZED_AUTOS = YES_AGGRESSIVE;
				GCC_WARN_UNUSED_FUNCTION = YES;
				GCC_WARN_UNUSED_VARIABLE = YES;
				IPHONEOS_DEPLOYMENT_TARGET = 16.4;
				MTL_ENABLE_DEBUG_INFO = INCLUDE_SOURCE;
				MTL_FAST_MATH = YES;
				ONLY_ACTIVE_ARCH = YES;
				SDKROOT = iphoneos;
				SWIFT_ACTIVE_COMPILATION_CONDITIONS = DEBUG;
				SWIFT_OPTIMIZATION_LEVEL = "-Onone";
			};
			name = Debug;
		};
		C2EE75802A504B1100FAD6D0 /* Release */ = {
			isa = XCBuildConfiguration;
			buildSettings = {
				ALWAYS_SEARCH_USER_PATHS = NO;
				CLANG_ANALYZER_NONNULL = YES;
				CLANG_ANALYZER_NUMBER_OBJECT_CONVERSION = YES_AGGRESSIVE;
				CLANG_CXX_LANGUAGE_STANDARD = "gnu++20";
				CLANG_ENABLE_MODULES = YES;
				CLANG_ENABLE_OBJC_ARC = YES;
				CLANG_ENABLE_OBJC_WEAK = YES;
				CLANG_WARN_BLOCK_CAPTURE_AUTORELEASING = YES;
				CLANG_WARN_BOOL_CONVERSION = YES;
				CLANG_WARN_COMMA = YES;
				CLANG_WARN_CONSTANT_CONVERSION = YES;
				CLANG_WARN_DEPRECATED_OBJC_IMPLEMENTATIONS = YES;
				CLANG_WARN_DIRECT_OBJC_ISA_USAGE = YES_ERROR;
				CLANG_WARN_DOCUMENTATION_COMMENTS = YES;
				CLANG_WARN_EMPTY_BODY = YES;
				CLANG_WARN_ENUM_CONVERSION = YES;
				CLANG_WARN_INFINITE_RECURSION = YES;
				CLANG_WARN_INT_CONVERSION = YES;
				CLANG_WARN_NON_LITERAL_NULL_CONVERSION = YES;
				CLANG_WARN_OBJC_IMPLICIT_RETAIN_SELF = YES;
				CLANG_WARN_OBJC_LITERAL_CONVERSION = YES;
				CLANG_WARN_OBJC_ROOT_CLASS = YES_ERROR;
				CLANG_WARN_QUOTED_INCLUDE_IN_FRAMEWORK_HEADER = YES;
				CLANG_WARN_RANGE_LOOP_ANALYSIS = YES;
				CLANG_WARN_STRICT_PROTOTYPES = YES;
				CLANG_WARN_SUSPICIOUS_MOVE = YES;
				CLANG_WARN_UNGUARDED_AVAILABILITY = YES_AGGRESSIVE;
				CLANG_WARN_UNREACHABLE_CODE = YES;
				CLANG_WARN__DUPLICATE_METHOD_MATCH = YES;
				COPY_PHASE_STRIP = NO;
				DEBUG_INFORMATION_FORMAT = "dwarf-with-dsym";
				ENABLE_NS_ASSERTIONS = NO;
				ENABLE_STRICT_OBJC_MSGSEND = YES;
				GCC_C_LANGUAGE_STANDARD = gnu11;
				GCC_NO_COMMON_BLOCKS = YES;
				GCC_WARN_64_TO_32_BIT_CONVERSION = YES;
				GCC_WARN_ABOUT_RETURN_TYPE = YES_ERROR;
				GCC_WARN_UNDECLARED_SELECTOR = YES;
				GCC_WARN_UNINITIALIZED_AUTOS = YES_AGGRESSIVE;
				GCC_WARN_UNUSED_FUNCTION = YES;
				GCC_WARN_UNUSED_VARIABLE = YES;
				IPHONEOS_DEPLOYMENT_TARGET = 16.4;
				MTL_ENABLE_DEBUG_INFO = NO;
				MTL_FAST_MATH = YES;
				SDKROOT = iphoneos;
				SWIFT_COMPILATION_MODE = wholemodule;
				SWIFT_OPTIMIZATION_LEVEL = "-O";
				VALIDATE_PRODUCT = YES;
			};
			name = Release;
		};
		C2EE75822A504B1100FAD6D0 /* Debug */ = {
			isa = XCBuildConfiguration;
			buildSettings = {
				ASSETCATALOG_COMPILER_APPICON_NAME = AppIcon;
				ASSETCATALOG_COMPILER_GLOBAL_ACCENT_COLOR_NAME = AccentColor;
				CODE_SIGN_STYLE = Automatic;
				CURRENT_PROJECT_VERSION = 1;
				DEVELOPMENT_TEAM = 6Y92LH56N8;
				GENERATE_INFOPLIST_FILE = YES;
				INFOPLIST_FILE = InstagramFirestone/Info.plist;
				INFOPLIST_KEY_UIApplicationSupportsIndirectInputEvents = YES;
				INFOPLIST_KEY_UILaunchStoryboardName = LaunchScreen;
				INFOPLIST_KEY_UIMainStoryboardFile = Main;
				INFOPLIST_KEY_UISupportedInterfaceOrientations = UIInterfaceOrientationPortrait;
				INFOPLIST_KEY_UISupportedInterfaceOrientations_iPad = "UIInterfaceOrientationLandscapeLeft UIInterfaceOrientationLandscapeRight UIInterfaceOrientationPortrait UIInterfaceOrientationPortraitUpsideDown";
				LD_RUNPATH_SEARCH_PATHS = (
					"$(inherited)",
					"@executable_path/Frameworks",
				);
				MARKETING_VERSION = 1.0;
				PRODUCT_BUNDLE_IDENTIFIER = com.alphanogun.InstagramFirestone;
				PRODUCT_NAME = "$(TARGET_NAME)";
				SWIFT_EMIT_LOC_STRINGS = YES;
				SWIFT_VERSION = 5.0;
				TARGETED_DEVICE_FAMILY = "1,2";
			};
			name = Debug;
		};
		C2EE75832A504B1100FAD6D0 /* Release */ = {
			isa = XCBuildConfiguration;
			buildSettings = {
				ASSETCATALOG_COMPILER_APPICON_NAME = AppIcon;
				ASSETCATALOG_COMPILER_GLOBAL_ACCENT_COLOR_NAME = AccentColor;
				CODE_SIGN_STYLE = Automatic;
				CURRENT_PROJECT_VERSION = 1;
				DEVELOPMENT_TEAM = 6Y92LH56N8;
				GENERATE_INFOPLIST_FILE = YES;
				INFOPLIST_FILE = InstagramFirestone/Info.plist;
				INFOPLIST_KEY_UIApplicationSupportsIndirectInputEvents = YES;
				INFOPLIST_KEY_UILaunchStoryboardName = LaunchScreen;
				INFOPLIST_KEY_UIMainStoryboardFile = Main;
				INFOPLIST_KEY_UISupportedInterfaceOrientations = UIInterfaceOrientationPortrait;
				INFOPLIST_KEY_UISupportedInterfaceOrientations_iPad = "UIInterfaceOrientationLandscapeLeft UIInterfaceOrientationLandscapeRight UIInterfaceOrientationPortrait UIInterfaceOrientationPortraitUpsideDown";
				LD_RUNPATH_SEARCH_PATHS = (
					"$(inherited)",
					"@executable_path/Frameworks",
				);
				MARKETING_VERSION = 1.0;
				PRODUCT_BUNDLE_IDENTIFIER = com.alphanogun.InstagramFirestone;
				PRODUCT_NAME = "$(TARGET_NAME)";
				SWIFT_EMIT_LOC_STRINGS = YES;
				SWIFT_VERSION = 5.0;
				TARGETED_DEVICE_FAMILY = "1,2";
			};
			name = Release;
		};
/* End XCBuildConfiguration section */

/* Begin XCConfigurationList section */
		C2EE75682A504B0F00FAD6D0 /* Build configuration list for PBXProject "InstagramFirestone" */ = {
			isa = XCConfigurationList;
			buildConfigurations = (
				C2EE757F2A504B1100FAD6D0 /* Debug */,
				C2EE75802A504B1100FAD6D0 /* Release */,
			);
			defaultConfigurationIsVisible = 0;
			defaultConfigurationName = Release;
		};
		C2EE75812A504B1100FAD6D0 /* Build configuration list for PBXNativeTarget "InstagramFirestone" */ = {
			isa = XCConfigurationList;
			buildConfigurations = (
				C2EE75822A504B1100FAD6D0 /* Debug */,
				C2EE75832A504B1100FAD6D0 /* Release */,
			);
			defaultConfigurationIsVisible = 0;
			defaultConfigurationName = Release;
		};
/* End XCConfigurationList section */
	};
	rootObject = C2EE75652A504B0F00FAD6D0 /* Project object */;
}
